
Microsoft Visual Studio Solution File, Format Version 12.00
# Visual Studio Version 17
VisualStudioVersion = 17.6.33801.468
MinimumVisualStudioVersion = 10.0.40219.1
Project("{FAE04EC0-301F-11D3-BF4B-00C04F79EFBC}") = "DataBases", "DataBases\DataBases.csproj", "{BA44E151-4CE5-4C39-9359-BB1D3E88E21C}"
EndProject
Global
	GlobalSection(SolutionConfigurationPlatforms) = preSolution
		Debug|Any CPU = Debug|Any CPU
		Release|Any CPU = Release|Any CPU
	EndGlobalSection
	GlobalSection(ProjectConfigurationPlatforms) = postSolution
		{BA44E151-4CE5-4C39-9359-BB1D3E88E21C}.Debug|Any CPU.ActiveCfg = Debug|Any CPU
		{BA44E151-4CE5-4C39-9359-BB1D3E88E21C}.Debug|Any CPU.Build.0 = Debug|Any CPU
		{BA44E151-4CE5-4C39-9359-BB1D3E88E21C}.Release|Any CPU.ActiveCfg = Release|Any CPU
		{BA44E151-4CE5-4C39-9359-BB1D3E88E21C}.Release|Any CPU.Build.0 = Release|Any CPU
	EndGlobalSection
	GlobalSection(SolutionProperties) = preSolution
		HideSolutionNode = FALSE
	EndGlobalSection
	GlobalSection(ExtensibilityGlobals) = postSolution
		SolutionGuid = {1257C8BD-19FF-4D62-B6A1-E07BB576B294}
	EndGlobalSection
EndGlobal
